
Microsoft Visual Studio Solution File, Format Version 12.00
# Visual Studio Version 17
VisualStudioVersion = 17.1.32328.378
MinimumVisualStudioVersion = 10.0.40219.1
Project("{FAE04EC0-301F-11D3-BF4B-00C04F79EFBC}") = "LINQ", "LINQ\LINQ.csproj", "{DABBF6BE-66EC-4E8D-ACCC-01592343F3FF}"
EndProject
Global
	GlobalSection(SolutionConfigurationPlatforms) = preSolution
		Debug|Any CPU = Debug|Any CPU
		Release|Any CPU = Release|Any CPU
	EndGlobalSection
	GlobalSection(ProjectConfigurationPlatforms) = postSolution
		{DABBF6BE-66EC-4E8D-ACCC-01592343F3FF}.Debug|Any CPU.ActiveCfg = Debug|Any CPU
		{DABBF6BE-66EC-4E8D-ACCC-01592343F3FF}.Debug|Any CPU.Build.0 = Debug|Any CPU
		{DABBF6BE-66EC-4E8D-ACCC-01592343F3FF}.Release|Any CPU.ActiveCfg = Release|Any CPU
		{DABBF6BE-66EC-4E8D-ACCC-01592343F3FF}.Release|Any CPU.Build.0 = Release|Any CPU
	EndGlobalSection
	GlobalSection(SolutionProperties) = preSolution
		HideSolutionNode = FALSE
	EndGlobalSection
	GlobalSection(ExtensibilityGlobals) = postSolution
		SolutionGuid = {40D0D68C-583E-45FD-B869-33C69D0D4AB0}
	EndGlobalSection
EndGlobal
